{
  "lockfileVersion": 1,
  "configVersion": 1,
  "workspaces": {
    "": {
      "name": "@typetorch/backend",
      "dependencies": {
        "@duckdb/node-api": "^1.5.6-r.1",
      },
      "devDependencies": {
        "@types/bun": "^1.4.2",
        "@types/node": "^26.6.4",
        "typescript": "^5.9.0",
      },
    },
  },
  "packages": {
    "@duckdb/node-api": ["@duckdb/node-api@1.5.6-r.1", "", { "dependencies": { "@duckdb/node-bindings": "1.5.6-r.1" } }, "sha512-yIPol6P4EQmsAUsb27donJf7iADrM31Ei/WkvhkZpSscjhEErYsuF19lsJ/qz5mUWxsKFQpLdjvrlhPQnMTBqw=="],

    "@duckdb/node-bindings": ["@duckdb/node-bindings@1.5.6-r.1", "", { "dependencies": { "detect-libc": "^2.1.2" }, "optionalDependencies": { "@duckdb/node-bindings-darwin-arm64": "1.5.6-r.1", "@duckdb/node-bindings-darwin-x64": "1.5.6-r.1", "@duckdb/node-bindings-linux-arm64": "1.5.6-r.1", "@duckdb/node-bindings-linux-arm64-musl": "1.5.6-r.1", "@duckdb/node-bindings-linux-x64": "1.5.6-r.1", "@duckdb/node-bindings-linux-x64-musl": "1.5.6-r.1", "@duckdb/node-bindings-win32-arm64": "1.5.6-r.1", "@duckdb/node-bindings-win32-x64": "1.5.6-r.1" } }, "sha512-/pWlTyvKC1d16iSMJCBAPwlmzoeXRs5Y9cqG+TpKd/YAW6Ke05FJg099v/Im2bkS9BgznNyNcAK1NxA1eQhSUw=="],

    "@duckdb/node-bindings-darwin-arm64": ["@duckdb/node-bindings-darwin-arm64@1.5.6-r.1", "", { "os": "darwin", "cpu": "arm64" }, "sha512-KFT/J/pyouuAD1jftAIfcWVRdorg+c/yVR/BJL8LJKrST+mYC4d7QSuQ+iXSYbFpHENUAeZUagXrMPtZT8Xzsg=="],

    "@duckdb/node-bindings-darwin-x64": ["@duckdb/node-bindings-darwin-x64@1.5.6-r.1", "", { "os": "darwin", "cpu": "x64" }, "sha512-tVwUZNvdQoaPJhrh3q2e6jxm1MhahNHJQK/pvCyco46NX0mEuGzlw9i0n2MArgsyzccdCwScOK9ctbyr+3oMbQ=="],

    "@duckdb/node-bindings-linux-arm64": ["@duckdb/node-bindings-linux-arm64@1.5.6-r.1", "", { "os": "linux", "cpu": "arm64" }, "sha512-3jnUaDil1BrF/6vAZwVaInJ1xoBaWGHB4PDiUnzJWKCo8a8TLx9j7/gPyPl/UGRBftrYIuTihRZSfF4mWMgtWA=="],

    "@duckdb/node-bindings-linux-arm64-musl": ["@duckdb/node-bindings-linux-arm64-musl@1.5.6-r.1", "", { "os": "linux", "cpu": "arm64" }, "sha512-j6dcNLWnFvlQyKMtl36HyeDsOaetXFoj0dH21Q9MbLjABNuJs5ekDV6zMSEda/g5+z1Tm6r2KFOS8j3tGUCRiw=="],

    "@duckdb/node-bindings-linux-x64": ["@duckdb/node-bindings-linux-x64@1.5.6-r.1", "", { "os": "linux", "cpu": "x64" }, "sha512-IXcrZJE6kEqM0Z4wwdVnGBHX/frOS33VPNAwDXQ/Q+Fs84b058Qe94chrCCIcNJlG8Y3UHIUU4eBeCQxW5mN1Q=="],

    "@duckdb/node-bindings-linux-x64-musl": ["@duckdb/node-bindings-linux-x64-musl@1.5.6-r.1", "", { "os": "linux", "cpu": "x64" }, "sha512-PVzIEZqp7QN07WBgjmIH0cK2GKXR735KmL6wnghTzRnhHWrePxx3MjZB9zZHI8tB73wdF8luarBm4EgqSjGyVA=="],

    "@duckdb/node-bindings-win32-arm64": ["@duckdb/node-bindings-win32-arm64@1.5.6-r.1", "", { "os": "win32", "cpu": "arm64" }, "sha512-nzNTZx9rus5QpuX+KH6UOPNeZp8yF25TxV6DiUly4RKgR5mu6xo8c7a7lS80AqxTJfJ9BwUIiqlCuYKWztRM5A=="],

    "@duckdb/node-bindings-win32-x64": ["@duckdb/node-bindings-win32-x64@1.5.6-r.1", "", { "os": "win32", "cpu": "x64" }, "sha512-5Rpn5WXEG5gY/u7Keh+c4kuwG/LiE31pCP9CoCohv+u0aFensk/yRIQVW/CXuIoITky9xFhdRzaWUtAnGTYxJQ=="],

    "@types/bun": ["@types/bun@1.4.2", "", { "dependencies": { "bun-types": "1.4.2" } }, "sha512-GimotNn7+ZV0uVArItBbriZsR1oNf0+WTzPkdcFrzShI7k2norL0uzEaJT8T33dWr7O/c9ZDuAFQrctKCi72oQ=="],

    "@types/node": ["@types/node@26.6.4", "", { "dependencies": { "undici-types": "~8.9.0" } }, "sha512-ldVPDCzj7fsaGZrLB0NuHuTvJcsNasysBAqMolr/cgxrLd1xbqxIr3XJiPnHHJUCxj5sNF1vnRj9aWnrVh5Jcg=="],

    "bun-types": ["bun-types@1.4.2", "", { "dependencies": { "@types/node": "*" } }, "sha512-bxV1FgK7yBIzjRe5zBozIM4Bem11ZJcCXSrjWRG3YWLt8yFDePu4cLjpebO8OvPeIE9trbyPF4fuj3Cia4Fj3w=="],

    "detect-libc": ["detect-libc@2.1.2", "", {}, "sha512-Btj2BOOO83o3WyH59e8MgXsxEQVcarkUOpEYrubB0urwnN10yQ364rsiByU11nZlqWYZm05i/of7io4mzihBtQ=="],

    "typescript": ["typescript@5.9.3", "", { "bin": { "tsc": "bin/tsc", "tsserver": "bin/tsserver" } }, "sha512-jl1vZzPDinLr9eUt3J/t7V6FgNEw9QjvBPdysz9KfQDD41fQrC2Y4vKQdiaUpFT4bXlb1RHhLpp8wtm6M5TgSw=="],

    "undici-types": ["undici-types@8.9.0", "", {}, "sha512-KTDyRTYX8sWmKXAikPHHSyc63CRPETMctyjKFupcC6OBLXT3xsN0e9aF7m+mIXutFWpUXuedtowG7iLOzp0kQg=="],
  }
}
